
Microsoft Visual Studio Solution File, Format Version 12.00
# Visual Studio 2012
Project("{8BC9CEB8-8B4A-11D0-8D11-00A0C91BC942}") = "tgareb classes", "tgareb classes\tgareb classes.vcxproj", "{65F04ED1-C3EE-4CEF-9FED-EA87833DC12A}"
EndProject
Global
	GlobalSection(SolutionConfigurationPlatforms) = preSolution
		Debug|Win32 = Debug|Win32
		Release|Win32 = Release|Win32
	EndGlobalSection
	GlobalSection(ProjectConfigurationPlatforms) = postSolution
		{65F04ED1-C3EE-4CEF-9FED-EA87833DC12A}.Debug|Win32.ActiveCfg = Debug|Win32
		{65F04ED1-C3EE-4CEF-9FED-EA87833DC12A}.Debug|Win32.Build.0 = Debug|Win32
		{65F04ED1-C3EE-4CEF-9FED-EA87833DC12A}.Release|Win32.ActiveCfg = Release|Win32
		{65F04ED1-C3EE-4CEF-9FED-EA87833DC12A}.Release|Win32.Build.0 = Release|Win32
	EndGlobalSection
	GlobalSection(SolutionProperties) = preSolution
		HideSolutionNode = FALSE
	EndGlobalSection
EndGlobal
